
Microsoft Visual Studio Solution File, Format Version 12.00
# Visual Studio Version 17
VisualStudioVersion = 17.10.35027.167
MinimumVisualStudioVersion = 10.0.40219.1
Project("{9A19103F-16F7-4668-BE54-9A1E7A4F7556}") = "MineSlave", "KGA_OOPConsoleProject\MineSlave.csproj", "{6F450DCA-B48B-45D7-B834-42C4C0E4BFA8}"
EndProject
Global
	GlobalSection(SolutionConfigurationPlatforms) = preSolution
		Debug|Any CPU = Debug|Any CPU
		Release|Any CPU = Release|Any CPU
	EndGlobalSection
	GlobalSection(ProjectConfigurationPlatforms) = postSolution
		{6F450DCA-B48B-45D7-B834-42C4C0E4BFA8}.Debug|Any CPU.ActiveCfg = Release|Any CPU
		{6F450DCA-B48B-45D7-B834-42C4C0E4BFA8}.Debug|Any CPU.Build.0 = Release|Any CPU
		{6F450DCA-B48B-45D7-B834-42C4C0E4BFA8}.Release|Any CPU.ActiveCfg = Release|Any CPU
		{6F450DCA-B48B-45D7-B834-42C4C0E4BFA8}.Release|Any CPU.Build.0 = Release|Any CPU
	EndGlobalSection
	GlobalSection(SolutionProperties) = preSolution
		HideSolutionNode = FALSE
	EndGlobalSection
	GlobalSection(ExtensibilityGlobals) = postSolution
		SolutionGuid = {7323C57D-F645-4E17-8B2A-6EDEB504184D}
	EndGlobalSection
EndGlobal
